
Microsoft Visual Studio Solution File, Format Version 12.00
# Visual Studio 2013
VisualStudioVersion = 12.0.21005.1
MinimumVisualStudioVersion = 10.0.40219.1
Project("{FAE04EC0-301F-11D3-BF4B-00C04F79EFBC}") = "BettingGame", "BettingGame\BettingGame.csproj", "{09FE4796-C6C2-45EA-AD4D-B360CB03BB71}"
EndProject
Project("{FAE04EC0-301F-11D3-BF4B-00C04F79EFBC}") = "UnitTestBet", "UnitTestBet\UnitTestBet.csproj", "{9BC2B9B3-88ED-42B5-BBCE-A382FF8F7F66}"
	ProjectSection(ProjectDependencies) = postProject
		{09FE4796-C6C2-45EA-AD4D-B360CB03BB71} = {09FE4796-C6C2-45EA-AD4D-B360CB03BB71}
	EndProjectSection
EndProject
Global
	GlobalSection(SolutionConfigurationPlatforms) = preSolution
		Debug|Any CPU = Debug|Any CPU
		Release|Any CPU = Release|Any CPU
	EndGlobalSection
	GlobalSection(ProjectConfigurationPlatforms) = postSolution
		{09FE4796-C6C2-45EA-AD4D-B360CB03BB71}.Debug|Any CPU.ActiveCfg = Debug|Any CPU
		{09FE4796-C6C2-45EA-AD4D-B360CB03BB71}.Debug|Any CPU.Build.0 = Debug|Any CPU
		{09FE4796-C6C2-45EA-AD4D-B360CB03BB71}.Release|Any CPU.ActiveCfg = Release|Any CPU
		{09FE4796-C6C2-45EA-AD4D-B360CB03BB71}.Release|Any CPU.Build.0 = Release|Any CPU
		{9BC2B9B3-88ED-42B5-BBCE-A382FF8F7F66}.Debug|Any CPU.ActiveCfg = Debug|Any CPU
		{9BC2B9B3-88ED-42B5-BBCE-A382FF8F7F66}.Debug|Any CPU.Build.0 = Debug|Any CPU
		{9BC2B9B3-88ED-42B5-BBCE-A382FF8F7F66}.Release|Any CPU.ActiveCfg = Release|Any CPU
		{9BC2B9B3-88ED-42B5-BBCE-A382FF8F7F66}.Release|Any CPU.Build.0 = Release|Any CPU
	EndGlobalSection
	GlobalSection(SolutionProperties) = preSolution
		HideSolutionNode = FALSE
	EndGlobalSection
EndGlobal
